
Microsoft Visual Studio Solution File, Format Version 12.00
# Visual Studio Version 17
VisualStudioVersion = 17.13.35825.156 d17.13
MinimumVisualStudioVersion = 10.0.40219.1
Project("{FAE04EC0-301F-11D3-BF4B-00C04F79EFBC}") = "ScootGreenWeb", "ScootGreenWeb.csproj", "{533DC56B-357D-43BF-9DE5-EBC23A6FBAC0}"
EndProject
Global
	GlobalSection(SolutionConfigurationPlatforms) = preSolution
		Debug|Any CPU = Debug|Any CPU
		Release|Any CPU = Release|Any CPU
	EndGlobalSection
	GlobalSection(ProjectConfigurationPlatforms) = postSolution
		{533DC56B-357D-43BF-9DE5-EBC23A6FBAC0}.Debug|Any CPU.ActiveCfg = Debug|Any CPU
		{533DC56B-357D-43BF-9DE5-EBC23A6FBAC0}.Debug|Any CPU.Build.0 = Debug|Any CPU
		{533DC56B-357D-43BF-9DE5-EBC23A6FBAC0}.Release|Any CPU.ActiveCfg = Release|Any CPU
		{533DC56B-357D-43BF-9DE5-EBC23A6FBAC0}.Release|Any CPU.Build.0 = Release|Any CPU
	EndGlobalSection
	GlobalSection(SolutionProperties) = preSolution
		HideSolutionNode = FALSE
	EndGlobalSection
	GlobalSection(ExtensibilityGlobals) = postSolution
		SolutionGuid = {76E51387-EB1D-43E8-B4C5-F1ABA8B096C1}
	EndGlobalSection
EndGlobal
